dependencies:
- name: postgresql-ha
  repository: https://charts.bitnami.com/bitnami
  version: 7.9.6
- name: nginx-ingress-controller
  repository: https://charts.bitnami.com/bitnami
  version: 7.6.21
- name: keycloak
  repository: https://charts.bitnami.com/bitnami
  version: 5.0.7
digest: sha256:90921d528e5ba903600fa112d31e780fef41c839e93ccb377677a92ff09c282b
generated: "2021-09-27T00:47:33.212103475+03:00"
