dependencies:
- name: postgresql
  repository: https://charts.bitnami.com/bitnami
  version: 10.10.1
- name: nginx-ingress-controller
  repository: https://charts.bitnami.com/bitnami
  version: 7.6.21
digest: sha256:b020a6b3aed9ef48f1a119fc653b3727386c99701c7d60530b573163ded8624e
generated: "2021-09-19T23:45:33.230199153+03:00"
